
Microsoft Visual Studio Solution File, Format Version 12.00
# Visual Studio Version 17
VisualStudioVersion = 17.6.33513.286
MinimumVisualStudioVersion = 10.0.40219.1
Project("{9A19103F-16F7-4668-BE54-9A1E7A4F7556}") = "RazorNoauth", "RazorNoauth\RazorNoauth.csproj", "{2334EDFD-7527-40BB-9AD0-13A55A77F333}"
EndProject
Project("{9A19103F-16F7-4668-BE54-9A1E7A4F7556}") = "MvcIndAuth", "MvcIndAuth\MvcIndAuth.csproj", "{82D2A5FF-9C5E-43F6-84AB-AB765DA091F6}"
EndProject
Project("{9A19103F-16F7-4668-BE54-9A1E7A4F7556}") = "BlazorServer2", "BlazorServer2\BlazorServer2.csproj", "{AA1BD35C-DA97-45B4-BD21-14ED29A8DE8A}"
EndProject
Project("{9A19103F-16F7-4668-BE54-9A1E7A4F7556}") = "ConsoleApp", "ConsoleApp\ConsoleApp.csproj", "{DF99E5B9-98D3-4109-B175-CDAA53DC3DAF}"
EndProject
Project("{9A19103F-16F7-4668-BE54-9A1E7A4F7556}") = "Empty", "Empty\Empty.csproj", "{9C41AE99-40ED-4B27-9362-90D3621315DE}"
EndProject
Project("{9A19103F-16F7-4668-BE54-9A1E7A4F7556}") = "API", "API\API.csproj", "{2049D3E8-031D-4FF8-999A-FFDB1305E24A}"
EndProject
Project("{FAE04EC0-301F-11D3-BF4B-00C04F79EFBC}") = "AzureFunctionMac", "FunctionApp\AzureFunctionMac.csproj", "{FCBFABD3-7787-4F87-80CC-580089FF7DA4}"
EndProject
Project("{FAE04EC0-301F-11D3-BF4B-00C04F79EFBC}") = "BlazorWASM_WithHosted.Server", "BlazorWASM_WithHosted\Server\BlazorWASM_WithHosted.Server.csproj", "{38554457-CA85-40AC-9F85-D6632969D783}"
EndProject
Project("{FAE04EC0-301F-11D3-BF4B-00C04F79EFBC}") = "BlazorWASM_WithHosted.Client", "BlazorWASM_WithHosted\Client\BlazorWASM_WithHosted.Client.csproj", "{466289D0-D5EC-4A64-BB79-A1B21C3A858F}"
EndProject
Project("{FAE04EC0-301F-11D3-BF4B-00C04F79EFBC}") = "BlazorWASM_WithHosted.Shared", "BlazorWASM_WithHosted\Shared\BlazorWASM_WithHosted.Shared.csproj", "{8912BC98-D110-45D4-B087-1C6FEE79500B}"
EndProject
Project("{FAE04EC0-301F-11D3-BF4B-00C04F79EFBC}") = "BlazorWASM_UncheckHosted", "BlazorWASM_UncheckHosted\BlazorWASM_UncheckHosted.csproj", "{53BD680F-F27A-433E-A2DB-B6D1C1CE0D81}"
EndProject
Global
	GlobalSection(SolutionConfigurationPlatforms) = preSolution
		Debug|Any CPU = Debug|Any CPU
		Release|Any CPU = Release|Any CPU
	EndGlobalSection
	GlobalSection(ProjectConfigurationPlatforms) = postSolution
		{2334EDFD-7527-40BB-9AD0-13A55A77F333}.Debug|Any CPU.ActiveCfg = Debug|Any CPU
		{2334EDFD-7527-40BB-9AD0-13A55A77F333}.Debug|Any CPU.Build.0 = Debug|Any CPU
		{2334EDFD-7527-40BB-9AD0-13A55A77F333}.Release|Any CPU.ActiveCfg = Release|Any CPU
		{2334EDFD-7527-40BB-9AD0-13A55A77F333}.Release|Any CPU.Build.0 = Release|Any CPU
		{82D2A5FF-9C5E-43F6-84AB-AB765DA091F6}.Debug|Any CPU.ActiveCfg = Debug|Any CPU
		{82D2A5FF-9C5E-43F6-84AB-AB765DA091F6}.Debug|Any CPU.Build.0 = Debug|Any CPU
		{82D2A5FF-9C5E-43F6-84AB-AB765DA091F6}.Release|Any CPU.ActiveCfg = Release|Any CPU
		{82D2A5FF-9C5E-43F6-84AB-AB765DA091F6}.Release|Any CPU.Build.0 = Release|Any CPU
		{AA1BD35C-DA97-45B4-BD21-14ED29A8DE8A}.Debug|Any CPU.ActiveCfg = Debug|Any CPU
		{AA1BD35C-DA97-45B4-BD21-14ED29A8DE8A}.Debug|Any CPU.Build.0 = Debug|Any CPU
		{AA1BD35C-DA97-45B4-BD21-14ED29A8DE8A}.Release|Any CPU.ActiveCfg = Release|Any CPU
		{AA1BD35C-DA97-45B4-BD21-14ED29A8DE8A}.Release|Any CPU.Build.0 = Release|Any CPU
		{DF99E5B9-98D3-4109-B175-CDAA53DC3DAF}.Debug|Any CPU.ActiveCfg = Debug|Any CPU
		{DF99E5B9-98D3-4109-B175-CDAA53DC3DAF}.Debug|Any CPU.Build.0 = Debug|Any CPU
		{DF99E5B9-98D3-4109-B175-CDAA53DC3DAF}.Release|Any CPU.ActiveCfg = Release|Any CPU
		{DF99E5B9-98D3-4109-B175-CDAA53DC3DAF}.Release|Any CPU.Build.0 = Release|Any CPU
		{9C41AE99-40ED-4B27-9362-90D3621315DE}.Debug|Any CPU.ActiveCfg = Debug|Any CPU
		{9C41AE99-40ED-4B27-9362-90D3621315DE}.Debug|Any CPU.Build.0 = Debug|Any CPU
		{9C41AE99-40ED-4B27-9362-90D3621315DE}.Release|Any CPU.ActiveCfg = Release|Any CPU
		{9C41AE99-40ED-4B27-9362-90D3621315DE}.Release|Any CPU.Build.0 = Release|Any CPU
		{2049D3E8-031D-4FF8-999A-FFDB1305E24A}.Debug|Any CPU.ActiveCfg = Debug|Any CPU
		{2049D3E8-031D-4FF8-999A-FFDB1305E24A}.Debug|Any CPU.Build.0 = Debug|Any CPU
		{2049D3E8-031D-4FF8-999A-FFDB1305E24A}.Release|Any CPU.ActiveCfg = Release|Any CPU
		{2049D3E8-031D-4FF8-999A-FFDB1305E24A}.Release|Any CPU.Build.0 = Release|Any CPU
		{FCBFABD3-7787-4F87-80CC-580089FF7DA4}.Debug|Any CPU.ActiveCfg = Debug|Any CPU
		{FCBFABD3-7787-4F87-80CC-580089FF7DA4}.Debug|Any CPU.Build.0 = Debug|Any CPU
		{FCBFABD3-7787-4F87-80CC-580089FF7DA4}.Release|Any CPU.ActiveCfg = Release|Any CPU
		{FCBFABD3-7787-4F87-80CC-580089FF7DA4}.Release|Any CPU.Build.0 = Release|Any CPU
		{38554457-CA85-40AC-9F85-D6632969D783}.Debug|Any CPU.ActiveCfg = Debug|Any CPU
		{38554457-CA85-40AC-9F85-D6632969D783}.Debug|Any CPU.Build.0 = Debug|Any CPU
		{38554457-CA85-40AC-9F85-D6632969D783}.Release|Any CPU.ActiveCfg = Release|Any CPU
		{38554457-CA85-40AC-9F85-D6632969D783}.Release|Any CPU.Build.0 = Release|Any CPU
		{466289D0-D5EC-4A64-BB79-A1B21C3A858F}.Debug|Any CPU.ActiveCfg = Debug|Any CPU
		{466289D0-D5EC-4A64-BB79-A1B21C3A858F}.Debug|Any CPU.Build.0 = Debug|Any CPU
		{466289D0-D5EC-4A64-BB79-A1B21C3A858F}.Release|Any CPU.ActiveCfg = Release|Any CPU
		{466289D0-D5EC-4A64-BB79-A1B21C3A858F}.Release|Any CPU.Build.0 = Release|Any CPU
		{8912BC98-D110-45D4-B087-1C6FEE79500B}.Debug|Any CPU.ActiveCfg = Debug|Any CPU
		{8912BC98-D110-45D4-B087-1C6FEE79500B}.Debug|Any CPU.Build.0 = Debug|Any CPU
		{8912BC98-D110-45D4-B087-1C6FEE79500B}.Release|Any CPU.ActiveCfg = Release|Any CPU
		{8912BC98-D110-45D4-B087-1C6FEE79500B}.Release|Any CPU.Build.0 = Release|Any CPU
		{53BD680F-F27A-433E-A2DB-B6D1C1CE0D81}.Debug|Any CPU.ActiveCfg = Debug|Any CPU
		{53BD680F-F27A-433E-A2DB-B6D1C1CE0D81}.Debug|Any CPU.Build.0 = Debug|Any CPU
		{53BD680F-F27A-433E-A2DB-B6D1C1CE0D81}.Release|Any CPU.ActiveCfg = Release|Any CPU
		{53BD680F-F27A-433E-A2DB-B6D1C1CE0D81}.Release|Any CPU.Build.0 = Release|Any CPU
	EndGlobalSection
	GlobalSection(SolutionProperties) = preSolution
		HideSolutionNode = FALSE
	EndGlobalSection
	GlobalSection(ExtensibilityGlobals) = postSolution
		SolutionGuid = {E8205F30-B72B-409F-8300-E15B3C0C9587}
	EndGlobalSection
EndGlobal
