
Microsoft Visual Studio Solution File, Format Version 12.00
# Visual Studio Version 17
VisualStudioVersion = 17.6.33513.286
MinimumVisualStudioVersion = 10.0.40219.1
Project("{9A19103F-16F7-4668-BE54-9A1E7A4F7556}") = "BlazorAppServer", "..\BlazorAppServer\BlazorAppServer\BlazorAppServer.csproj", "{8F7DA97E-3FD4-478B-A2C4-75922493EE57}"
EndProject
Project("{9A19103F-16F7-4668-BE54-9A1E7A4F7556}") = "BlazorWasmHosted1.Server", "BlazorWasmHosted\Server\BlazorWasmHosted1.Server.csproj", "{E8F57981-87AC-4DFB-9C26-D651A1F39B9E}"
EndProject
Project("{9A19103F-16F7-4668-BE54-9A1E7A4F7556}") = "BlazorWasmHosted1.Client", "BlazorWasmHosted\Client\BlazorWasmHosted1.Client.csproj", "{D3989C74-8A63-4206-BAFB-7E1B4DCB00EB}"
EndProject
Project("{9A19103F-16F7-4668-BE54-9A1E7A4F7556}") = "BlazorWasmHosted1.Shared", "BlazorWasmHosted\Shared\BlazorWasmHosted1.Shared.csproj", "{6126636B-C243-4339-86AA-9D594BFF2573}"
EndProject
Project("{9A19103F-16F7-4668-BE54-9A1E7A4F7556}") = "BlazorWasmNoHosted1", "BlazorWasmNoHosted\BlazorWasmNoHosted1.csproj", "{CF940D42-263C-4025-A585-E57632B18F3E}"
EndProject
Project("{FAE04EC0-301F-11D3-BF4B-00C04F79EFBC}") = "RazorInauth", "RazorInauth\RazorInauth.csproj", "{68A9AA1E-340F-45BE-BCA0-1EC5CD5EE7C2}"
EndProject
Project("{FAE04EC0-301F-11D3-BF4B-00C04F79EFBC}") = "RazorNoauth", "RazorNoauth\RazorNoauth.csproj", "{2334EDFD-7527-40BB-9AD0-13A55A77F333}"
EndProject
Project("{FAE04EC0-301F-11D3-BF4B-00C04F79EFBC}") = "MvcIndAuth", "MvcIndAuth\MvcIndAuth.csproj", "{82D2A5FF-9C5E-43F6-84AB-AB765DA091F6}"
EndProject
Project("{FAE04EC0-301F-11D3-BF4B-00C04F79EFBC}") = "MvcNoAuth", "MvcNoAuth\MvcNoAuth.csproj", "{BAB38CFB-408C-4004-AE26-C7B7B7D5BAA4}"
EndProject
Project("{FAE04EC0-301F-11D3-BF4B-00C04F79EFBC}") = "BlazorServer2", "BlazorServer2\BlazorServer2.csproj", "{AA1BD35C-DA97-45B4-BD21-14ED29A8DE8A}"
EndProject
Project("{FAE04EC0-301F-11D3-BF4B-00C04F79EFBC}") = "ConsoleApp", "ConsoleApp\ConsoleApp.csproj", "{DF99E5B9-98D3-4109-B175-CDAA53DC3DAF}"
EndProject
Global
	GlobalSection(SolutionConfigurationPlatforms) = preSolution
		Debug|Any CPU = Debug|Any CPU
		Release|Any CPU = Release|Any CPU
	EndGlobalSection
	GlobalSection(ProjectConfigurationPlatforms) = postSolution
		{8F7DA97E-3FD4-478B-A2C4-75922493EE57}.Debug|Any CPU.ActiveCfg = Debug|Any CPU
		{8F7DA97E-3FD4-478B-A2C4-75922493EE57}.Debug|Any CPU.Build.0 = Debug|Any CPU
		{8F7DA97E-3FD4-478B-A2C4-75922493EE57}.Release|Any CPU.ActiveCfg = Release|Any CPU
		{8F7DA97E-3FD4-478B-A2C4-75922493EE57}.Release|Any CPU.Build.0 = Release|Any CPU
		{E8F57981-87AC-4DFB-9C26-D651A1F39B9E}.Debug|Any CPU.ActiveCfg = Debug|Any CPU
		{E8F57981-87AC-4DFB-9C26-D651A1F39B9E}.Debug|Any CPU.Build.0 = Debug|Any CPU
		{E8F57981-87AC-4DFB-9C26-D651A1F39B9E}.Release|Any CPU.ActiveCfg = Release|Any CPU
		{E8F57981-87AC-4DFB-9C26-D651A1F39B9E}.Release|Any CPU.Build.0 = Release|Any CPU
		{D3989C74-8A63-4206-BAFB-7E1B4DCB00EB}.Debug|Any CPU.ActiveCfg = Debug|Any CPU
		{D3989C74-8A63-4206-BAFB-7E1B4DCB00EB}.Debug|Any CPU.Build.0 = Debug|Any CPU
		{D3989C74-8A63-4206-BAFB-7E1B4DCB00EB}.Release|Any CPU.ActiveCfg = Release|Any CPU
		{D3989C74-8A63-4206-BAFB-7E1B4DCB00EB}.Release|Any CPU.Build.0 = Release|Any CPU
		{6126636B-C243-4339-86AA-9D594BFF2573}.Debug|Any CPU.ActiveCfg = Debug|Any CPU
		{6126636B-C243-4339-86AA-9D594BFF2573}.Debug|Any CPU.Build.0 = Debug|Any CPU
		{6126636B-C243-4339-86AA-9D594BFF2573}.Release|Any CPU.ActiveCfg = Release|Any CPU
		{6126636B-C243-4339-86AA-9D594BFF2573}.Release|Any CPU.Build.0 = Release|Any CPU
		{CF940D42-263C-4025-A585-E57632B18F3E}.Debug|Any CPU.ActiveCfg = Debug|Any CPU
		{CF940D42-263C-4025-A585-E57632B18F3E}.Debug|Any CPU.Build.0 = Debug|Any CPU
		{CF940D42-263C-4025-A585-E57632B18F3E}.Release|Any CPU.ActiveCfg = Release|Any CPU
		{CF940D42-263C-4025-A585-E57632B18F3E}.Release|Any CPU.Build.0 = Release|Any CPU
		{68A9AA1E-340F-45BE-BCA0-1EC5CD5EE7C2}.Debug|Any CPU.ActiveCfg = Debug|Any CPU
		{68A9AA1E-340F-45BE-BCA0-1EC5CD5EE7C2}.Debug|Any CPU.Build.0 = Debug|Any CPU
		{68A9AA1E-340F-45BE-BCA0-1EC5CD5EE7C2}.Release|Any CPU.ActiveCfg = Release|Any CPU
		{68A9AA1E-340F-45BE-BCA0-1EC5CD5EE7C2}.Release|Any CPU.Build.0 = Release|Any CPU
		{2334EDFD-7527-40BB-9AD0-13A55A77F333}.Debug|Any CPU.ActiveCfg = Debug|Any CPU
		{2334EDFD-7527-40BB-9AD0-13A55A77F333}.Debug|Any CPU.Build.0 = Debug|Any CPU
		{2334EDFD-7527-40BB-9AD0-13A55A77F333}.Release|Any CPU.ActiveCfg = Release|Any CPU
		{2334EDFD-7527-40BB-9AD0-13A55A77F333}.Release|Any CPU.Build.0 = Release|Any CPU
		{82D2A5FF-9C5E-43F6-84AB-AB765DA091F6}.Debug|Any CPU.ActiveCfg = Debug|Any CPU
		{82D2A5FF-9C5E-43F6-84AB-AB765DA091F6}.Debug|Any CPU.Build.0 = Debug|Any CPU
		{82D2A5FF-9C5E-43F6-84AB-AB765DA091F6}.Release|Any CPU.ActiveCfg = Release|Any CPU
		{82D2A5FF-9C5E-43F6-84AB-AB765DA091F6}.Release|Any CPU.Build.0 = Release|Any CPU
		{BAB38CFB-408C-4004-AE26-C7B7B7D5BAA4}.Debug|Any CPU.ActiveCfg = Debug|Any CPU
		{BAB38CFB-408C-4004-AE26-C7B7B7D5BAA4}.Debug|Any CPU.Build.0 = Debug|Any CPU
		{BAB38CFB-408C-4004-AE26-C7B7B7D5BAA4}.Release|Any CPU.ActiveCfg = Release|Any CPU
		{BAB38CFB-408C-4004-AE26-C7B7B7D5BAA4}.Release|Any CPU.Build.0 = Release|Any CPU
		{AA1BD35C-DA97-45B4-BD21-14ED29A8DE8A}.Debug|Any CPU.ActiveCfg = Debug|Any CPU
		{AA1BD35C-DA97-45B4-BD21-14ED29A8DE8A}.Debug|Any CPU.Build.0 = Debug|Any CPU
		{AA1BD35C-DA97-45B4-BD21-14ED29A8DE8A}.Release|Any CPU.ActiveCfg = Release|Any CPU
		{AA1BD35C-DA97-45B4-BD21-14ED29A8DE8A}.Release|Any CPU.Build.0 = Release|Any CPU
		{DF99E5B9-98D3-4109-B175-CDAA53DC3DAF}.Debug|Any CPU.ActiveCfg = Debug|Any CPU
		{DF99E5B9-98D3-4109-B175-CDAA53DC3DAF}.Debug|Any CPU.Build.0 = Debug|Any CPU
		{DF99E5B9-98D3-4109-B175-CDAA53DC3DAF}.Release|Any CPU.ActiveCfg = Release|Any CPU
		{DF99E5B9-98D3-4109-B175-CDAA53DC3DAF}.Release|Any CPU.Build.0 = Release|Any CPU
	EndGlobalSection
	GlobalSection(SolutionProperties) = preSolution
		HideSolutionNode = FALSE
	EndGlobalSection
	GlobalSection(ExtensibilityGlobals) = postSolution
		SolutionGuid = {E8205F30-B72B-409F-8300-E15B3C0C9587}
	EndGlobalSection
EndGlobal
